
Microsoft Visual Studio Solution File, Format Version 12.00
# Visual Studio Version 16
VisualStudioVersion = 16.0.31613.86
MinimumVisualStudioVersion = 10.0.40219.1
Project("{FAE04EC0-301F-11D3-BF4B-00C04F79EFBC}") = "eTicket", "eTicket\eTicket.csproj", "{FF2CCE22-F9C2-4CE4-8801-76775046A56D}"
EndProject
Global
	GlobalSection(SolutionConfigurationPlatforms) = preSolution
		Debug|Any CPU = Debug|Any CPU
		Release|Any CPU = Release|Any CPU
	EndGlobalSection
	GlobalSection(ProjectConfigurationPlatforms) = postSolution
		{FF2CCE22-F9C2-4CE4-8801-76775046A56D}.Debug|Any CPU.ActiveCfg = Debug|Any CPU
		{FF2CCE22-F9C2-4CE4-8801-76775046A56D}.Debug|Any CPU.Build.0 = Debug|Any CPU
		{FF2CCE22-F9C2-4CE4-8801-76775046A56D}.Release|Any CPU.ActiveCfg = Release|Any CPU
		{FF2CCE22-F9C2-4CE4-8801-76775046A56D}.Release|Any CPU.Build.0 = Release|Any CPU
	EndGlobalSection
	GlobalSection(SolutionProperties) = preSolution
		HideSolutionNode = FALSE
	EndGlobalSection
	GlobalSection(ExtensibilityGlobals) = postSolution
		SolutionGuid = {24F67FC2-AFD8-49C6-B0E6-EAAF3AB9CA66}
	EndGlobalSection
EndGlobal
